<?xml version="1.0" encoding="UTF-8"?>
<CONFIG>
  <ProjectOptions>
    <Version Value="12"/>
    <General>
      <Flags>
        <MainUnitHasCreateFormStatements Value="False"/>
        <MainUnitHasTitleStatement Value="False"/>
        <MainUnitHasScaledStatement Value="False"/>
        <LRSInOutputDirectory Value="False"/>
        <CompatibilityMode Value="True"/>
      </Flags>
      <SessionStorage Value="InProjectDir"/>
      <Title Value="controls"/>
      <UseAppBundle Value="False"/>
      <ResourceType Value="res"/>
    </General>
    <CustomData Count="10">
      <Item0 Name="BuildSystem" Value="Gradle"/>
      <Item1 Name="LAMW" Value="GUI"/>
      <Item2 Name="LamwVersion" Value="0.8.5"/>
      <Item3 Name="NdkApi" Value="android-22"/>
      <Item4 Name="NdkPath" Value="/home/te/Android/Sdk/ndk/21.2.6472646/"/>
      <Item5 Name="Package" Value="org.muctec.smartfritz"/>
      <Item6 Name="SdkPath" Value="/home/te/Android/Sdk/"/>
      <Item7 Name="StartModule" Value="AndroidModule1"/>
      <Item8 Name="Support" Value="FALSE"/>
      <Item9 Name="Theme" Value="AppCompat.Light.NoActionBar"/>
    </CustomData>
    <BuildModes Count="1">
      <Item1 Name="Default" Default="True"/>
    </BuildModes>
    <PublishOptions>
      <Version Value="2"/>
      <UseFileFilters Value="True"/>
    </PublishOptions>
    <RunParams>
      <FormatVersion Value="2"/>
    </RunParams>
    <RequiredPackages Count="2">
      <Item1>
        <PackageName Value="HashLib4PascalPackage"/>
      </Item1>
      <Item2>
        <PackageName Value="tfpandroidbridge_pack"/>
      </Item2>
    </RequiredPackages>
    <Units Count="7">
      <Unit0>
        <Filename Value="controls.lpr"/>
        <IsPartOfProject Value="True"/>
      </Unit0>
      <Unit1>
        <Filename Value="unit1.pas"/>
        <IsPartOfProject Value="True"/>
        <ComponentName Value="AndroidModule1"/>
        <HasResources Value="True"/>
        <CustomData Count="2">
          <Item0 Name="fclControls"/>
          <Item1 Name="jControls" Value="jForm;jHttpClient;jPanel;jPreferences;jsBottomNavigationView;jsDrawerLayout;jsFloatingButton;jsNavigationView;jsToolbar;jSwitchButton;jTextView"/>
        </CustomData>
      </Unit1>
      <Unit2>
        <Filename Value="unit2.pas"/>
        <IsPartOfProject Value="True"/>
        <ComponentName Value="AndroidModule2"/>
        <HasResources Value="True"/>
        <CustomData Count="2">
          <Item0 Name="fclControls"/>
          <Item1 Name="jControls" Value="jButton;jCheckBox;jEditText;jForm;jPanel;jTextView"/>
        </CustomData>
      </Unit2>
      <Unit3>
        <Filename Value="unit3.pas"/>
        <IsPartOfProject Value="True"/>
        <ComponentName Value="AndroidModule3"/>
        <HasResources Value="True"/>
        <CustomData Count="2">
          <Item0 Name="fclControls"/>
          <Item1 Name="jControls" Value="jEditText;jForm;jPanel;jTextView"/>
        </CustomData>
      </Unit3>
      <Unit4>
        <Filename Value="unit4.pas"/>
        <IsPartOfProject Value="True"/>
        <ComponentName Value="AndroidModule4"/>
        <HasResources Value="True"/>
        <CustomData Count="2">
          <Item0 Name="fclControls"/>
          <Item1 Name="jControls" Value="jExpandableListView;jForm;jPanel;jTextView"/>
        </CustomData>
      </Unit4>
      <Unit5>
        <Filename Value="unit5.pas"/>
        <IsPartOfProject Value="True"/>
        <ComponentName Value="AndroidModule5"/>
        <HasResources Value="True"/>
        <CustomData Count="2">
          <Item0 Name="fclControls"/>
          <Item1 Name="jControls" Value="jButton;jEditText;jForm;jPanel;jTextView"/>
        </CustomData>
      </Unit5>
      <Unit6>
        <Filename Value="fritzbox.pas"/>
        <IsPartOfProject Value="True"/>
      </Unit6>
    </Units>
  </ProjectOptions>
  <CompilerOptions>
    <Version Value="11"/>
    <Target>
      <Filename Value="../libs/armeabi-v7a/libcontrols"/>
    </Target>
    <SearchPaths>
      <Libraries Value="/home/te/Android/Sdk/ndk/21.2.6472646/platforms/android-22/arch-arm/usr/lib/;/home/te/Android/Sdk/ndk/21.2.6472646/toolchains/arm-linux-androideabi-4.9/prebuilt/linux-x86_64/lib/gcc/arm-linux-androideabi/4.9.x/"/>
      <UnitOutputDirectory Value="../obj/controls"/>
    </SearchPaths>
    <Parsing>
      <SyntaxOptions>
        <SyntaxMode Value="Delphi"/>
        <CStyleMacros Value="True"/>
      </SyntaxOptions>
    </Parsing>
    <CodeGeneration>
      <SmartLinkUnit Value="True"/>
      <TargetCPU Value="arm"/>
      <TargetOS Value="android"/>
      <Optimizations>
        <OptimizationLevel Value="3"/>
      </Optimizations>
      <SmallerCode Value="True"/>
    </CodeGeneration>
    <Linking>
      <Debugging>
        <GenerateDebugInfo Value="False"/>
        <StripSymbols Value="True"/>
      </Debugging>
      <LinkSmart Value="True"/>
      <Options>
        <ExecutableType Value="Library"/>
      </Options>
    </Linking>
    <Other>
      <CustomOptions Value="-Xd -CfVFPv3 -CpARMV7A -XParm-linux-androideabi- -FD/home/te/Android/Sdk/ndk/21.2.6472646/toolchains/arm-linux-androideabi-4.9/prebuilt/linux-x86_64/bin"/>
    </Other>
  </CompilerOptions>
  <Debugging>
    <Exceptions Count="3">
      <Item1>
        <Name Value="EAbort"/>
      </Item1>
      <Item2>
        <Name Value="ECodetoolError"/>
      </Item2>
      <Item3>
        <Name Value="EFOpenError"/>
      </Item3>
    </Exceptions>
  </Debugging>
</CONFIG>
